
Microsoft Visual Studio Solution File, Format Version 12.00
# Visual Studio 15
VisualStudioVersion = 15.0.28307.271
MinimumVisualStudioVersion = 10.0.40219.1
Project("{FAE04EC0-301F-11D3-BF4B-00C04F79EFBC}") = "ArraySolver2", "ArraySolver2\ArraySolver2.csproj", "{30588987-D93D-4DE8-BBF5-35DCD4267341}"
EndProject
Global
	GlobalSection(SolutionConfigurationPlatforms) = preSolution
		Debug|Any CPU = Debug|Any CPU
		Release|Any CPU = Release|Any CPU
	EndGlobalSection
	GlobalSection(ProjectConfigurationPlatforms) = postSolution
		{30588987-D93D-4DE8-BBF5-35DCD4267341}.Debug|Any CPU.ActiveCfg = Debug|Any CPU
		{30588987-D93D-4DE8-BBF5-35DCD4267341}.Debug|Any CPU.Build.0 = Debug|Any CPU
		{30588987-D93D-4DE8-BBF5-35DCD4267341}.Release|Any CPU.ActiveCfg = Release|Any CPU
		{30588987-D93D-4DE8-BBF5-35DCD4267341}.Release|Any CPU.Build.0 = Release|Any CPU
	EndGlobalSection
	GlobalSection(SolutionProperties) = preSolution
		HideSolutionNode = FALSE
	EndGlobalSection
	GlobalSection(ExtensibilityGlobals) = postSolution
		SolutionGuid = {5892CDC4-7A91-4D65-9DA6-00D08B0CA726}
	EndGlobalSection
EndGlobal
